// !$*UTF8*$!
{
	archiveVersion = 1;
	classes = {
	};
	objectVersion = 46;
	objects = {

/* Begin PBXBuildFile section */
		791872BE1F05B95600B6B573 /* libusb-1.0.0.dylib in Frameworks */ = {isa = PBXBuildFile; fileRef = 791872BD1F05B95600B6B573 /* libusb-1.0.0.dylib */; };
		79E493C91F05BEA900F803C6 /* main.cpp in Sources */ = {isa = PBXBuildFile; fileRef = 79E493C81F05BEA900F803C6 /* main.cpp */; };
/* End PBXBuildFile section */

/* Begin PBXCopyFilesBuildPhase section */
		791872AD1F05B50700B6B573 /* CopyFiles */ = {
			isa = PBXCopyFilesBuildPhase;
			buildActionMask = 2147483647;
			dstPath = /usr/share/man/man1/;
			dstSubfolderSpec = 0;
			files = (
			);
			runOnlyForDeploymentPostprocessing = 1;
		};
/* End PBXCopyFilesBuildPhase section */

/* Begin PBXFileReference section */
		791872AF1F05B50700B6B573 /* lguf-brightness */ = {isa = PBXFileReference; explicitFileType = "compiled.mach-o.executable"; includeInIndex = 0; path = "lguf-brightness"; sourceTree = BUILT_PRODUCTS_DIR; };
		791872BD1F05B95600B6B573 /* libusb-1.0.0.dylib */ = {isa = PBXFileReference; lastKnownFileType = "compiled.mach-o.dylib"; name = "libusb-1.0.0.dylib"; path = "../../../../../usr/local/Cellar/libusb/1.0.21/lib/libusb-1.0.0.dylib"; sourceTree = "<group>"; };
		79E493C81F05BEA900F803C6 /* main.cpp */ = {isa = PBXFileReference; fileEncoding = 4; lastKnownFileType = sourcecode.cpp.cpp; path = main.cpp; sourceTree = SOURCE_ROOT; };
/* End PBXFileReference section */

/* Begin PBXFrameworksBuildPhase section */
		791872AC1F05B50700B6B573 /* Frameworks */ = {
			isa = PBXFrameworksBuildPhase;
			buildActionMask = 2147483647;
			files = (
				791872BE1F05B95600B6B573 /* libusb-1.0.0.dylib in Frameworks */,
			);
			runOnlyForDeploymentPostprocessing = 0;
		};
/* End PBXFrameworksBuildPhase section */

/* Begin PBXGroup section */
		791872A61F05B50700B6B573 = {
			isa = PBXGroup;
			children = (
				791872B11F05B50700B6B573 /* lguf-brightness */,
				791872B01F05B50700B6B573 /* Products */,
			);
			sourceTree = "<group>";
		};
		791872B01F05B50700B6B573 /* Products */ = {
			isa = PBXGroup;
			children = (
				791872AF1F05B50700B6B573 /* lguf-brightness */,
			);
			name = Products;
			sourceTree = "<group>";
		};
		791872B11F05B50700B6B573 /* lguf-brightness */ = {
			isa = PBXGroup;
			children = (
				79E493C81F05BEA900F803C6 /* main.cpp */,
				791872BD1F05B95600B6B573 /* libusb-1.0.0.dylib */,
			);
			path = "lguf-brightness";
			sourceTree = "<group>";
		};
/* End PBXGroup section */

/* Begin PBXNativeTarget section */
		791872AE1F05B50700B6B573 /* lguf-brightness */ = {
			isa = PBXNativeTarget;
			buildConfigurationList = 791872B61F05B50700B6B573 /* Build configuration list for PBXNativeTarget "lguf-brightness" */;
			buildPhases = (
				791872AB1F05B50700B6B573 /* Sources */,
				791872AC1F05B50700B6B573 /* Frameworks */,
				791872AD1F05B50700B6B573 /* CopyFiles */,
			);
			buildRules = (
			);
			dependencies = (
			);
			name = "lguf-brightness";
			productName = "lguf-brightness";
			productReference = 791872AF1F05B50700B6B573 /* lguf-brightness */;
			productType = "com.apple.product-type.tool";
		};
/* End PBXNativeTarget section */

/* Begin PBXProject section */
		791872A71F05B50700B6B573 /* Project object */ = {
			isa = PBXProject;
			attributes = {
				LastUpgradeCheck = 0820;
				ORGANIZATIONNAME = wolf;
				TargetAttributes = {
					791872AE1F05B50700B6B573 = {
						CreatedOnToolsVersion = 8.2.1;
						ProvisioningStyle = Automatic;
					};
				};
			};
			buildConfigurationList = 791872AA1F05B50700B6B573 /* Build configuration list for PBXProject "lguf-brightness" */;
			compatibilityVersion = "Xcode 3.2";
			developmentRegion = English;
			hasScannedForEncodings = 0;
			knownRegions = (
				en,
			);
			mainGroup = 791872A61F05B50700B6B573;
			productRefGroup = 791872B01F05B50700B6B573 /* Products */;
			projectDirPath = "";
			projectRoot = "";
			targets = (
				791872AE1F05B50700B6B573 /* lguf-brightness */,
			);
		};
/* End PBXProject section */

/* Begin PBXSourcesBuildPhase section */
		791872AB1F05B50700B6B573 /* Sources */ = {
			isa = PBXSourcesBuildPhase;
			buildActionMask = 2147483647;
			files = (
				79E493C91F05BEA900F803C6 /* main.cpp in Sources */,
			);
			runOnlyForDeploymentPostprocessing = 0;
		};
/* End PBXSourcesBuildPhase section */

/* Begin XCBuildConfiguration section */
		791872B41F05B50700B6B573 /* Debug */ = {
			isa = XCBuildConfiguration;
			buildSettings = {
				ALWAYS_SEARCH_USER_PATHS = NO;
				CLANG_ANALYZER_NONNULL = YES;
				CLANG_CXX_LANGUAGE_STANDARD = "gnu++14";
				CLANG_CXX_LIBRARY = "libc++";
				CLANG_ENABLE_MODULES = YES;
				CLANG_ENABLE_OBJC_ARC = YES;
				CLANG_WARN_BOOL_CONVERSION = YES;
				CLANG_WARN_CONSTANT_CONVERSION = YES;
				CLANG_WARN_DIRECT_OBJC_ISA_USAGE = YES_ERROR;
				CLANG_WARN_DOCUMENTATION_COMMENTS = YES;
				CLANG_WARN_EMPTY_BODY = YES;
				CLANG_WARN_ENUM_CONVERSION = YES;
				CLANG_WARN_INFINITE_RECURSION = YES;
				CLANG_WARN_INT_CONVERSION = YES;
				CLANG_WARN_OBJC_ROOT_CLASS = YES_ERROR;
				CLANG_WARN_SUSPICIOUS_MOVE = YES;
				CLANG_WARN_UNREACHABLE_CODE = YES;
				CLANG_WARN__DUPLICATE_METHOD_MATCH = YES;
				CODE_SIGN_IDENTITY = "-";
				COPY_PHASE_STRIP = NO;
				DEBUG_INFORMATION_FORMAT = dwarf;
				ENABLE_STRICT_OBJC_MSGSEND = YES;
				ENABLE_TESTABILITY = YES;
				GCC_C_LANGUAGE_STANDARD = gnu99;
				GCC_DYNAMIC_NO_PIC = NO;
				GCC_NO_COMMON_BLOCKS = YES;
				GCC_OPTIMIZATION_LEVEL = 0;
				GCC_PREPROCESSOR_DEFINITIONS = (
					"DEBUG=1",
					"$(inherited)",
				);
				GCC_WARN_64_TO_32_BIT_CONVERSION = YES;
				GCC_WARN_ABOUT_RETURN_TYPE = YES_ERROR;
				GCC_WARN_UNDECLARED_SELECTOR = YES;
				GCC_WARN_UNINITIALIZED_AUTOS = YES_AGGRESSIVE;
				GCC_WARN_UNUSED_FUNCTION = YES;
				GCC_WARN_UNUSED_VARIABLE = YES;
				MACOSX_DEPLOYMENT_TARGET = 10.11;
				MTL_ENABLE_DEBUG_INFO = YES;
				ONLY_ACTIVE_ARCH = YES;
				SDKROOT = macosx;
			};
			name = Debug;
		};
		791872B51F05B50700B6B573 /* Release */ = {
			isa = XCBuildConfiguration;
			buildSettings = {
				ALWAYS_SEARCH_USER_PATHS = NO;
				CLANG_ANALYZER_NONNULL = YES;
				CLANG_CXX_LANGUAGE_STANDARD = "gnu++14";
				CLANG_CXX_LIBRARY = "libc++";
				CLANG_ENABLE_MODULES = YES;
				CLANG_ENABLE_OBJC_ARC = YES;
				CLANG_WARN_BOOL_CONVERSION = YES;
				CLANG_WARN_CONSTANT_CONVERSION = YES;
				CLANG_WARN_DIRECT_OBJC_ISA_USAGE = YES_ERROR;
				CLANG_WARN_DOCUMENTATION_COMMENTS = YES;
				CLANG_WARN_EMPTY_BODY = YES;
				CLANG_WARN_ENUM_CONVERSION = YES;
				CLANG_WARN_INFINITE_RECURSION = YES;
				CLANG_WARN_INT_CONVERSION = YES;
				CLANG_WARN_OBJC_ROOT_CLASS = YES_ERROR;
				CLANG_WARN_SUSPICIOUS_MOVE = YES;
				CLANG_WARN_UNREACHABLE_CODE = YES;
				CLANG_WARN__DUPLICATE_METHOD_MATCH = YES;
				CODE_SIGN_IDENTITY = "-";
				COPY_PHASE_STRIP = NO;
				DEBUG_INFORMATION_FORMAT = "dwarf-with-dsym";
				ENABLE_NS_ASSERTIONS = NO;
				ENABLE_STRICT_OBJC_MSGSEND = YES;
				GCC_C_LANGUAGE_STANDARD = gnu99;
				GCC_NO_COMMON_BLOCKS = YES;
				GCC_WARN_64_TO_32_BIT_CONVERSION = YES;
				GCC_WARN_ABOUT_RETURN_TYPE = YES_ERROR;
				GCC_WARN_UNDECLARED_SELECTOR = YES;
				GCC_WARN_UNINITIALIZED_AUTOS = YES_AGGRESSIVE;
				GCC_WARN_UNUSED_FUNCTION = YES;
				GCC_WARN_UNUSED_VARIABLE = YES;
				MACOSX_DEPLOYMENT_TARGET = 10.11;
				MTL_ENABLE_DEBUG_INFO = NO;
				SDKROOT = macosx;
			};
			name = Release;
		};
		791872B71F05B50700B6B573 /* Debug */ = {
			isa = XCBuildConfiguration;
			buildSettings = {
				HEADER_SEARCH_PATHS = "/usr/local/Cellar/libusb/1.0.21/include/libusb-1.0";
				LIBRARY_SEARCH_PATHS = (
					"$(inherited)",
					/usr/local/Cellar/libusb/1.0.21/lib,
				);
				OTHER_LDFLAGS = "-lncurses";
				PRODUCT_NAME = "$(TARGET_NAME)";
			};
			name = Debug;
		};
		791872B81F05B50700B6B573 /* Release */ = {
			isa = XCBuildConfiguration;
			buildSettings = {
				HEADER_SEARCH_PATHS = "/usr/local/Cellar/libusb/1.0.21/include/libusb-1.0";
				LIBRARY_SEARCH_PATHS = (
					"$(inherited)",
					/usr/local/Cellar/libusb/1.0.21/lib,
				);
				OTHER_LDFLAGS = "-lncurses";
				PRODUCT_NAME = "$(TARGET_NAME)";
			};
			name = Release;
		};
/* End XCBuildConfiguration section */

/* Begin XCConfigurationList section */
		791872AA1F05B50700B6B573 /* Build configuration list for PBXProject "lguf-brightness" */ = {
			isa = XCConfigurationList;
			buildConfigurations = (
				791872B41F05B50700B6B573 /* Debug */,
				791872B51F05B50700B6B573 /* Release */,
			);
			defaultConfigurationIsVisible = 0;
			defaultConfigurationName = Release;
		};
		791872B61F05B50700B6B573 /* Build configuration list for PBXNativeTarget "lguf-brightness" */ = {
			isa = XCConfigurationList;
			buildConfigurations = (
				791872B71F05B50700B6B573 /* Debug */,
				791872B81F05B50700B6B573 /* Release */,
			);
			defaultConfigurationIsVisible = 0;
			defaultConfigurationName = Release;
		};
/* End XCConfigurationList section */
	};
	rootObject = 791872A71F05B50700B6B573 /* Project object */;
}
